
Microsoft Visual Studio Solution File, Format Version 12.00
# Visual Studio Version 17
VisualStudioVersion = 17.13.35825.156
MinimumVisualStudioVersion = 10.0.40219.1
Project("{54A90642-561A-4BB1-A94E-469ADEE60C69}") = "cloudtrip.homework.client", "cloudtrip.homework.client\cloudtrip.homework.client.esproj", "{B3CD8551-FBFE-0827-4498-A364C46D0D23}"
EndProject
Project("{FAE04EC0-301F-11D3-BF4B-00C04F79EFBC}") = "CloudTrip.Homework.Server", "CloudTrip.Homework.Server\CloudTrip.Homework.Server.csproj", "{36475F51-653C-49DE-8D29-3DB4238116BD}"
EndProject
Project("{E53339B2-1760-4266-BCC7-CA923CBCF16C}") = "docker-compose", "docker-compose.dcproj", "{81DDED9D-158B-E303-5F62-77A2896D2A5A}"
EndProject
Project("{FAE04EC0-301F-11D3-BF4B-00C04F79EFBC}") = "CloudTrip.Homework.Dal.Mongo", "CloudTrip.Homework.Dal.Mongo\CloudTrip.Homework.Dal.Mongo.csproj", "{5F76FAEE-A6D1-4E29-988A-107F894EB95F}"
EndProject
Project("{FAE04EC0-301F-11D3-BF4B-00C04F79EFBC}") = "CloudTrip.Homework.Common", "CloudTrip.Homework.Common\CloudTrip.Homework.Common.csproj", "{213713CB-4384-4536-A308-30BB11C54C4E}"
EndProject
Project("{FAE04EC0-301F-11D3-BF4B-00C04F79EFBC}") = "CloudTrip.Homework.BL", "CloudTrip.Homework.BL\CloudTrip.Homework.BL.csproj", "{DE3615E9-D2BF-4661-937D-17900482D500}"
EndProject
Project("{2150E333-8FDC-42A3-9474-1A3956D46DE8}") = "web", "web", "{02EA681E-C7D8-13C7-8484-4AC65E1B71E8}"
EndProject
Global
	GlobalSection(SolutionConfigurationPlatforms) = preSolution
		Debug|Any CPU = Debug|Any CPU
		Release|Any CPU = Release|Any CPU
	EndGlobalSection
	GlobalSection(ProjectConfigurationPlatforms) = postSolution
		{B3CD8551-FBFE-0827-4498-A364C46D0D23}.Debug|Any CPU.ActiveCfg = Debug|Any CPU
		{B3CD8551-FBFE-0827-4498-A364C46D0D23}.Debug|Any CPU.Build.0 = Debug|Any CPU
		{B3CD8551-FBFE-0827-4498-A364C46D0D23}.Debug|Any CPU.Deploy.0 = Debug|Any CPU
		{B3CD8551-FBFE-0827-4498-A364C46D0D23}.Release|Any CPU.ActiveCfg = Release|Any CPU
		{B3CD8551-FBFE-0827-4498-A364C46D0D23}.Release|Any CPU.Build.0 = Release|Any CPU
		{B3CD8551-FBFE-0827-4498-A364C46D0D23}.Release|Any CPU.Deploy.0 = Release|Any CPU
		{36475F51-653C-49DE-8D29-3DB4238116BD}.Debug|Any CPU.ActiveCfg = Debug|Any CPU
		{36475F51-653C-49DE-8D29-3DB4238116BD}.Debug|Any CPU.Build.0 = Debug|Any CPU
		{36475F51-653C-49DE-8D29-3DB4238116BD}.Release|Any CPU.ActiveCfg = Release|Any CPU
		{36475F51-653C-49DE-8D29-3DB4238116BD}.Release|Any CPU.Build.0 = Release|Any CPU
		{81DDED9D-158B-E303-5F62-77A2896D2A5A}.Debug|Any CPU.ActiveCfg = Debug|Any CPU
		{81DDED9D-158B-E303-5F62-77A2896D2A5A}.Debug|Any CPU.Build.0 = Debug|Any CPU
		{81DDED9D-158B-E303-5F62-77A2896D2A5A}.Release|Any CPU.ActiveCfg = Release|Any CPU
		{81DDED9D-158B-E303-5F62-77A2896D2A5A}.Release|Any CPU.Build.0 = Release|Any CPU
		{5F76FAEE-A6D1-4E29-988A-107F894EB95F}.Debug|Any CPU.ActiveCfg = Debug|Any CPU
		{5F76FAEE-A6D1-4E29-988A-107F894EB95F}.Debug|Any CPU.Build.0 = Debug|Any CPU
		{5F76FAEE-A6D1-4E29-988A-107F894EB95F}.Release|Any CPU.ActiveCfg = Release|Any CPU
		{5F76FAEE-A6D1-4E29-988A-107F894EB95F}.Release|Any CPU.Build.0 = Release|Any CPU
		{213713CB-4384-4536-A308-30BB11C54C4E}.Debug|Any CPU.ActiveCfg = Debug|Any CPU
		{213713CB-4384-4536-A308-30BB11C54C4E}.Debug|Any CPU.Build.0 = Debug|Any CPU
		{213713CB-4384-4536-A308-30BB11C54C4E}.Release|Any CPU.ActiveCfg = Release|Any CPU
		{213713CB-4384-4536-A308-30BB11C54C4E}.Release|Any CPU.Build.0 = Release|Any CPU
		{DE3615E9-D2BF-4661-937D-17900482D500}.Debug|Any CPU.ActiveCfg = Debug|Any CPU
		{DE3615E9-D2BF-4661-937D-17900482D500}.Debug|Any CPU.Build.0 = Debug|Any CPU
		{DE3615E9-D2BF-4661-937D-17900482D500}.Release|Any CPU.ActiveCfg = Release|Any CPU
		{DE3615E9-D2BF-4661-937D-17900482D500}.Release|Any CPU.Build.0 = Release|Any CPU
	EndGlobalSection
	GlobalSection(SolutionProperties) = preSolution
		HideSolutionNode = FALSE
	EndGlobalSection
	GlobalSection(NestedProjects) = preSolution
		{B3CD8551-FBFE-0827-4498-A364C46D0D23} = {02EA681E-C7D8-13C7-8484-4AC65E1B71E8}
	EndGlobalSection
	GlobalSection(ExtensibilityGlobals) = postSolution
		SolutionGuid = {04C9B104-1B53-4215-9AFD-E92C53EF89C3}
	EndGlobalSection
EndGlobal
